# THIS IS AN AUTOGENERATED FILE. DO NOT EDIT THIS FILE DIRECTLY.
# yarn lockfile v1


assign-deep@^0.4.5:
  version "0.4.7"
  resolved "https://registry.yarnpkg.com/assign-deep/-/assign-deep-0.4.7.tgz#7f66886a0bdae6d652abb1497f6edfc2c7ab14cf"
  dependencies:
    assign-symbols "^0.1.1"
    is-primitive "^2.0.0"
    kind-of "^5.0.2"

assign-symbols@^0.1.1:
  version "0.1.1"
  resolved "https://registry.yarnpkg.com/assign-symbols/-/assign-symbols-0.1.1.tgz#cb025944ef4ec8a3693f086e9e112c74e3a0fed9"

is-primitive@^2.0.0:
  version "2.0.0"
  resolved "https://registry.yarnpkg.com/is-primitive/-/is-primitive-2.0.0.tgz#207bab91638499c07b2adf240a41a87210034575"

kind-of@^5.0.2:
  version "5.1.0"
  resolved "https://registry.yarnpkg.com/kind-of/-/kind-of-5.1.0.tgz#729c91e2d857b7a419a1f9aa65685c4c33f5845d"

"react-native-swiper@git+https://github.com/FuYaoDe/react-native-swiper.git":
  version "1.4.4"
  resolved "git+https://github.com/FuYaoDe/react-native-swiper.git#a6417ff41a8b2d490bdcc4541015ab35736d4595"
  dependencies:
    react-timer-mixin "^0.13.3"

react-timer-mixin@^0.13.3:
  version "0.13.4"
  resolved "https://registry.yarnpkg.com/react-timer-mixin/-/react-timer-mixin-0.13.4.tgz#75a00c3c94c13abe29b43d63b4c65a88fc8264d3"
